
Microsoft Visual Studio Solution File, Format Version 12.00
# Visual Studio Version 16
VisualStudioVersion = 16.0.31702.278
MinimumVisualStudioVersion = 10.0.40219.1
Project("{9A19103F-16F7-4668-BE54-9A1E7A4F7556}") = "DetectingAnimalsApplication", "DetectingAnimalsApplication\DetectingAnimalsApplication.csproj", "{EB107DDC-771A-4A2D-8FCD-664093B5827B}"
EndProject
Project("{FAE04EC0-301F-11D3-BF4B-00C04F79EFBC}") = "VideoFormatter", "VideoFormatter\VideoFormatter.csproj", "{2D9DBA43-1F0D-44B6-8A36-5DE5D2403337}"
EndProject
Global
	GlobalSection(SolutionConfigurationPlatforms) = preSolution
		Debug|Any CPU = Debug|Any CPU
		Release|Any CPU = Release|Any CPU
	EndGlobalSection
	GlobalSection(ProjectConfigurationPlatforms) = postSolution
		{EB107DDC-771A-4A2D-8FCD-664093B5827B}.Debug|Any CPU.ActiveCfg = Debug|Any CPU
		{EB107DDC-771A-4A2D-8FCD-664093B5827B}.Debug|Any CPU.Build.0 = Debug|Any CPU
		{EB107DDC-771A-4A2D-8FCD-664093B5827B}.Release|Any CPU.ActiveCfg = Release|Any CPU
		{EB107DDC-771A-4A2D-8FCD-664093B5827B}.Release|Any CPU.Build.0 = Release|Any CPU
		{2D9DBA43-1F0D-44B6-8A36-5DE5D2403337}.Debug|Any CPU.ActiveCfg = Debug|Any CPU
		{2D9DBA43-1F0D-44B6-8A36-5DE5D2403337}.Debug|Any CPU.Build.0 = Debug|Any CPU
		{2D9DBA43-1F0D-44B6-8A36-5DE5D2403337}.Release|Any CPU.ActiveCfg = Release|Any CPU
		{2D9DBA43-1F0D-44B6-8A36-5DE5D2403337}.Release|Any CPU.Build.0 = Release|Any CPU
	EndGlobalSection
	GlobalSection(SolutionProperties) = preSolution
		HideSolutionNode = FALSE
	EndGlobalSection
	GlobalSection(ExtensibilityGlobals) = postSolution
		SolutionGuid = {914EEE00-F0CC-4B0E-99BA-66927A94E24F}
	EndGlobalSection
EndGlobal
